
Microsoft Visual Studio Solution File, Format Version 12.00
# Visual Studio Version 16
VisualStudioVersion = 16.0.31624.102
MinimumVisualStudioVersion = 10.0.40219.1
Project("{9A19103F-16F7-4668-BE54-9A1E7A4F7556}") = "SkidliftSys", "SkidliftSys.csproj", "{D5D129EB-7555-4E8B-893E-D81A491D11A3}"
EndProject
Project("{FAE04EC0-301F-11D3-BF4B-00C04F79EFBC}") = "InformationalChartsTool", "..\InformationalChartsTool\InformationalChartsTool.csproj", "{323EC6AC-6D73-40B7-A6A9-C3750D346ACA}"
EndProject
Global
	GlobalSection(SolutionConfigurationPlatforms) = preSolution
		Debug|Any CPU = Debug|Any CPU
		Release|Any CPU = Release|Any CPU
	EndGlobalSection
	GlobalSection(ProjectConfigurationPlatforms) = postSolution
		{D5D129EB-7555-4E8B-893E-D81A491D11A3}.Debug|Any CPU.ActiveCfg = Debug|Any CPU
		{D5D129EB-7555-4E8B-893E-D81A491D11A3}.Debug|Any CPU.Build.0 = Debug|Any CPU
		{D5D129EB-7555-4E8B-893E-D81A491D11A3}.Release|Any CPU.ActiveCfg = Release|Any CPU
		{D5D129EB-7555-4E8B-893E-D81A491D11A3}.Release|Any CPU.Build.0 = Release|Any CPU
		{323EC6AC-6D73-40B7-A6A9-C3750D346ACA}.Debug|Any CPU.ActiveCfg = Debug|Any CPU
		{323EC6AC-6D73-40B7-A6A9-C3750D346ACA}.Debug|Any CPU.Build.0 = Debug|Any CPU
		{323EC6AC-6D73-40B7-A6A9-C3750D346ACA}.Release|Any CPU.ActiveCfg = Release|Any CPU
		{323EC6AC-6D73-40B7-A6A9-C3750D346ACA}.Release|Any CPU.Build.0 = Release|Any CPU
	EndGlobalSection
	GlobalSection(SolutionProperties) = preSolution
		HideSolutionNode = FALSE
	EndGlobalSection
	GlobalSection(ExtensibilityGlobals) = postSolution
		SolutionGuid = {B582C7C7-7DE3-4D99-B29A-167CEA731137}
	EndGlobalSection
EndGlobal
